<?xml version="1.0" encoding="UTF-8"?>
<Project ToolsVersion="14.0" xmlns="http://schemas.microsoft.com/developer/msbuild/2003">
  <ItemGroup>
    <ClCompile Include="C:\Users\xchuki00\Documents\Bakalarska_prace\3rd_parties\libs\bullet3-2.85.1\examples\HelloWorld\HelloWorld.cpp">
      <Filter>Source Files</Filter>
    </ClCompile>
  </ItemGroup>
  <ItemGroup>
    <CustomBuild Include="C:\Users\xchuki00\Documents\Bakalarska_prace\3rd_parties\libs\bullet3-2.85.1\examples\HelloWorld\CMakeLists.txt" />
  </ItemGroup>
  <ItemGroup>
    <ResourceCompile Include="C:\Users\xchuki00\Documents\Bakalarska_prace\3rd_parties\libs\bullet3-2.85.1\build3\bullet.rc">
      <Filter>Source Files</Filter>
    </ResourceCompile>
  </ItemGroup>
  <ItemGroup>
    <Filter Include="Source Files">
      <UniqueIdentifier>{FAE9CD8C-79F0-30F7-BD15-7D9EDBC0581A}</UniqueIdentifier>
    </Filter>
  </ItemGroup>
</Project>
