<?xml version="1.0" encoding="UTF-8"?>
<Project ToolsVersion="14.0" xmlns="http://schemas.microsoft.com/developer/msbuild/2003">
  <ItemGroup>
    <CustomBuild Include="C:\Users\xchuki00\Documents\Bakalarska_prace\bullet_build\CMakeFiles\1760daddd5bd5e72969c7f55dc23af33\INSTALL_force.rule">
      <Filter>CMake Rules</Filter>
    </CustomBuild>
  </ItemGroup>
  <ItemGroup>
    <Filter Include="CMake Rules">
      <UniqueIdentifier>{B5B25CEB-CC26-330F-8DC3-1AC4A67C6EDE}</UniqueIdentifier>
    </Filter>
  </ItemGroup>
</Project>
