<?xml version="1.0" encoding="UTF-8"?>
<Project ToolsVersion="14.0" xmlns="http://schemas.microsoft.com/developer/msbuild/2003">
  <ItemGroup>
    <CustomBuild Include="C:\Users\xchuki00\Documents\bakalarka\FitGL\glm-0.9.8.1\CMakeFiles\b33d04ef6bd7c9e3da93f9a1d06e8843\RUN_TESTS_force.rule">
      <Filter>CMake Rules</Filter>
    </CustomBuild>
  </ItemGroup>
  <ItemGroup>
    <Filter Include="CMake Rules">
      <UniqueIdentifier>{F3D388F6-E037-3E46-B0B7-0F82953DFD23}</UniqueIdentifier>
    </Filter>
  </ItemGroup>
</Project>
