<?xml version="1.0" encoding="UTF-8"?>
<Project ToolsVersion="14.0" xmlns="http://schemas.microsoft.com/developer/msbuild/2003">
  <ItemGroup>
    <ClCompile Include="C:\Users\xchuki00\Documents\Bakalarska_prace\3rd_parties\libs\bullet3-2.85.1\Extras\Serialize\BulletWorldImporter\btBulletWorldImporter.cpp">
      <Filter>Source Files</Filter>
    </ClCompile>
    <ClCompile Include="C:\Users\xchuki00\Documents\Bakalarska_prace\3rd_parties\libs\bullet3-2.85.1\Extras\Serialize\BulletWorldImporter\btWorldImporter.cpp">
      <Filter>Source Files</Filter>
    </ClCompile>
  </ItemGroup>
  <ItemGroup>
    <ClInclude Include="C:\Users\xchuki00\Documents\Bakalarska_prace\3rd_parties\libs\bullet3-2.85.1\Extras\Serialize\BulletWorldImporter\btBulletWorldImporter.h">
      <Filter>Header Files</Filter>
    </ClInclude>
    <ClInclude Include="C:\Users\xchuki00\Documents\Bakalarska_prace\3rd_parties\libs\bullet3-2.85.1\Extras\Serialize\BulletWorldImporter\btWorldImporter.h">
      <Filter>Header Files</Filter>
    </ClInclude>
  </ItemGroup>
  <ItemGroup>
    <CustomBuild Include="C:\Users\xchuki00\Documents\Bakalarska_prace\3rd_parties\libs\bullet3-2.85.1\Extras\Serialize\BulletWorldImporter\CMakeLists.txt" />
  </ItemGroup>
  <ItemGroup>
    <Filter Include="Source Files">
      <UniqueIdentifier>{FAE9CD8C-79F0-30F7-BD15-7D9EDBC0581A}</UniqueIdentifier>
    </Filter>
    <Filter Include="Header Files">
      <UniqueIdentifier>{30A74F9F-9CC6-33AA-9DC6-8C62E4169E39}</UniqueIdentifier>
    </Filter>
  </ItemGroup>
</Project>
