Microsoft Visual Studio Solution File, Format Version 12.00
# Visual Studio 14
Project("{8BC9CEB8-8B4A-11D0-8D11-00A0C91BC942}") = "ALL_BUILD", "ALL_BUILD.vcxproj", "{783782B9-6A15-3CAB-A995-5066797AAADB}"
	ProjectSection(ProjectDependencies) = postProject
		{9D2BE7D3-D4F9-3379-AD09-520104B41512} = {9D2BE7D3-D4F9-3379-AD09-520104B41512}
		{A33A564A-C985-37AD-9CA8-7065D78EBA71} = {A33A564A-C985-37AD-9CA8-7065D78EBA71}
		{0EFA5843-70F5-383C-AF57-1439CF879867} = {0EFA5843-70F5-383C-AF57-1439CF879867}
		{D085A2CB-516A-3B38-9D1C-563B131E5092} = {D085A2CB-516A-3B38-9D1C-563B131E5092}
		{A506E0C2-7890-3101-8D07-FFC285126970} = {A506E0C2-7890-3101-8D07-FFC285126970}
		{791655A5-366C-3E2C-9323-95CD724B5A52} = {791655A5-366C-3E2C-9323-95CD724B5A52}
		{C9361FC2-85FA-39FC-97FE-7DD5B41FD7D4} = {C9361FC2-85FA-39FC-97FE-7DD5B41FD7D4}
		{A4F014C8-2DE7-3CD1-9179-5D60BDEFEDFB} = {A4F014C8-2DE7-3CD1-9179-5D60BDEFEDFB}
		{0B973599-A7DB-3B41-B23E-BD5E9C50BC39} = {0B973599-A7DB-3B41-B23E-BD5E9C50BC39}
		{82CBA411-D2F0-3974-AF8D-85BD11A14125} = {82CBA411-D2F0-3974-AF8D-85BD11A14125}
		{2B9B67C0-1B1F-304E-9ED4-1763B21A6D74} = {2B9B67C0-1B1F-304E-9ED4-1763B21A6D74}
		{DC6B4528-E169-3882-AA44-CA4598187B74} = {DC6B4528-E169-3882-AA44-CA4598187B74}
		{0FA44836-A19B-30E7-AC13-2943A730BC06} = {0FA44836-A19B-30E7-AC13-2943A730BC06}
		{811909AA-45B1-37F7-B568-DDE1229072E6} = {811909AA-45B1-37F7-B568-DDE1229072E6}
		{DC72ECA7-DD1E-3CCD-973D-EC24C002D670} = {DC72ECA7-DD1E-3CCD-973D-EC24C002D670}
		{D6C84C2B-E272-3807-8230-F3F5DC55ADA7} = {D6C84C2B-E272-3807-8230-F3F5DC55ADA7}
		{8218D32C-D3D9-3E5A-A4BA-5A6C7D692C67} = {8218D32C-D3D9-3E5A-A4BA-5A6C7D692C67}
		{43BCD1C4-0469-3818-B43C-3B265430984F} = {43BCD1C4-0469-3818-B43C-3B265430984F}
		{C5AE8790-46E3-3183-B69D-776F29D971D1} = {C5AE8790-46E3-3183-B69D-776F29D971D1}
		{062FBA88-C5A2-326A-846D-7760905C8B5F} = {062FBA88-C5A2-326A-846D-7760905C8B5F}
		{FC2C0077-14AA-3A73-AF33-82D5238416E2} = {FC2C0077-14AA-3A73-AF33-82D5238416E2}
		{2D255B38-7ADF-3BC4-A018-88868D15E0C1} = {2D255B38-7ADF-3BC4-A018-88868D15E0C1}
		{D1866A16-18A5-3D56-ADAF-DD103BF6A07A} = {D1866A16-18A5-3D56-ADAF-DD103BF6A07A}
		{C32C4C64-17A4-3D31-982A-5AA99240E817} = {C32C4C64-17A4-3D31-982A-5AA99240E817}
		{9D3FF64A-CCA9-33CE-A36A-353CFCF01F2F} = {9D3FF64A-CCA9-33CE-A36A-353CFCF01F2F}
		{B604E190-6690-3CAF-A2AB-BA19A486108B} = {B604E190-6690-3CAF-A2AB-BA19A486108B}
		{5B3C85BC-A3CD-3062-98B0-15CB3ADB1EED} = {5B3C85BC-A3CD-3062-98B0-15CB3ADB1EED}
		{28129AA4-9083-34BA-8C0F-BE44DB0CFE43} = {28129AA4-9083-34BA-8C0F-BE44DB0CFE43}
		{F05DE0BE-01A4-36B3-8DF7-FAE5A42BD8C4} = {F05DE0BE-01A4-36B3-8DF7-FAE5A42BD8C4}
		{9C5A0276-7ACD-3FF0-9261-C44AB78A0149} = {9C5A0276-7ACD-3FF0-9261-C44AB78A0149}
		{9A823DB3-3418-3C29-9429-69026ECD0676} = {9A823DB3-3418-3C29-9429-69026ECD0676}
		{BC84C4D6-4146-30EF-AAF8-1EA175FF4196} = {BC84C4D6-4146-30EF-AAF8-1EA175FF4196}
		{FD5F10C0-5B62-32CD-992B-3C8A72ADAA1C} = {FD5F10C0-5B62-32CD-992B-3C8A72ADAA1C}
		{0BD70A79-DB5E-3A56-8AB8-74D48EDE6C11} = {0BD70A79-DB5E-3A56-8AB8-74D48EDE6C11}
	EndProjectSection
EndProject
Project("{8BC9CEB8-8B4A-11D0-8D11-00A0C91BC942}") = "AppBasicExampleGui", "examples\BasicDemo\AppBasicExampleGui.vcxproj", "{9D2BE7D3-D4F9-3379-AD09-520104B41512}"
	ProjectSection(ProjectDependencies) = postProject
		{C9361FC2-85FA-39FC-97FE-7DD5B41FD7D4} = {C9361FC2-85FA-39FC-97FE-7DD5B41FD7D4}
		{2B9B67C0-1B1F-304E-9ED4-1763B21A6D74} = {2B9B67C0-1B1F-304E-9ED4-1763B21A6D74}
		{DC6B4528-E169-3882-AA44-CA4598187B74} = {DC6B4528-E169-3882-AA44-CA4598187B74}
		{C32C4C64-17A4-3D31-982A-5AA99240E817} = {C32C4C64-17A4-3D31-982A-5AA99240E817}
		{9D3FF64A-CCA9-33CE-A36A-353CFCF01F2F} = {9D3FF64A-CCA9-33CE-A36A-353CFCF01F2F}
		{BC84C4D6-4146-30EF-AAF8-1EA175FF4196} = {BC84C4D6-4146-30EF-AAF8-1EA175FF4196}
	EndProjectSection
EndProject
Project("{8BC9CEB8-8B4A-11D0-8D11-00A0C91BC942}") = "App_BasicExample", "examples\BasicDemo\App_BasicExample.vcxproj", "{A33A564A-C985-37AD-9CA8-7065D78EBA71}"
	ProjectSection(ProjectDependencies) = postProject
		{2B9B67C0-1B1F-304E-9ED4-1763B21A6D74} = {2B9B67C0-1B1F-304E-9ED4-1763B21A6D74}
		{DC6B4528-E169-3882-AA44-CA4598187B74} = {DC6B4528-E169-3882-AA44-CA4598187B74}
		{C32C4C64-17A4-3D31-982A-5AA99240E817} = {C32C4C64-17A4-3D31-982A-5AA99240E817}
		{BC84C4D6-4146-30EF-AAF8-1EA175FF4196} = {BC84C4D6-4146-30EF-AAF8-1EA175FF4196}
	EndProjectSection
EndProject
Project("{8BC9CEB8-8B4A-11D0-8D11-00A0C91BC942}") = "App_ExampleBrowser", "examples\ExampleBrowser\App_ExampleBrowser.vcxproj", "{0EFA5843-70F5-383C-AF57-1439CF879867}"
	ProjectSection(ProjectDependencies) = postProject
		{C9361FC2-85FA-39FC-97FE-7DD5B41FD7D4} = {C9361FC2-85FA-39FC-97FE-7DD5B41FD7D4}
		{2B9B67C0-1B1F-304E-9ED4-1763B21A6D74} = {2B9B67C0-1B1F-304E-9ED4-1763B21A6D74}
		{DC6B4528-E169-3882-AA44-CA4598187B74} = {DC6B4528-E169-3882-AA44-CA4598187B74}
		{0FA44836-A19B-30E7-AC13-2943A730BC06} = {0FA44836-A19B-30E7-AC13-2943A730BC06}
		{DC72ECA7-DD1E-3CCD-973D-EC24C002D670} = {DC72ECA7-DD1E-3CCD-973D-EC24C002D670}
		{D6C84C2B-E272-3807-8230-F3F5DC55ADA7} = {D6C84C2B-E272-3807-8230-F3F5DC55ADA7}
		{8218D32C-D3D9-3E5A-A4BA-5A6C7D692C67} = {8218D32C-D3D9-3E5A-A4BA-5A6C7D692C67}
		{062FBA88-C5A2-326A-846D-7760905C8B5F} = {062FBA88-C5A2-326A-846D-7760905C8B5F}
		{C32C4C64-17A4-3D31-982A-5AA99240E817} = {C32C4C64-17A4-3D31-982A-5AA99240E817}
		{9D3FF64A-CCA9-33CE-A36A-353CFCF01F2F} = {9D3FF64A-CCA9-33CE-A36A-353CFCF01F2F}
		{BC84C4D6-4146-30EF-AAF8-1EA175FF4196} = {BC84C4D6-4146-30EF-AAF8-1EA175FF4196}
		{0BD70A79-DB5E-3A56-8AB8-74D48EDE6C11} = {0BD70A79-DB5E-3A56-8AB8-74D48EDE6C11}
	EndProjectSection
EndProject
Project("{8BC9CEB8-8B4A-11D0-8D11-00A0C91BC942}") = "App_HelloWorld", "examples\HelloWorld\App_HelloWorld.vcxproj", "{D085A2CB-516A-3B38-9D1C-563B131E5092}"
	ProjectSection(ProjectDependencies) = postProject
		{2B9B67C0-1B1F-304E-9ED4-1763B21A6D74} = {2B9B67C0-1B1F-304E-9ED4-1763B21A6D74}
		{DC6B4528-E169-3882-AA44-CA4598187B74} = {DC6B4528-E169-3882-AA44-CA4598187B74}
		{C32C4C64-17A4-3D31-982A-5AA99240E817} = {C32C4C64-17A4-3D31-982A-5AA99240E817}
		{BC84C4D6-4146-30EF-AAF8-1EA175FF4196} = {BC84C4D6-4146-30EF-AAF8-1EA175FF4196}
	EndProjectSection
EndProject
Project("{8BC9CEB8-8B4A-11D0-8D11-00A0C91BC942}") = "Bullet2FileLoader", "src\Bullet3Serialize\Bullet2FileLoader\Bullet2FileLoader.vcxproj", "{A506E0C2-7890-3101-8D07-FFC285126970}"
	ProjectSection(ProjectDependencies) = postProject
		{BC84C4D6-4146-30EF-AAF8-1EA175FF4196} = {BC84C4D6-4146-30EF-AAF8-1EA175FF4196}
	EndProjectSection
EndProject
Project("{8BC9CEB8-8B4A-11D0-8D11-00A0C91BC942}") = "Bullet3Collision", "src\Bullet3Collision\Bullet3Collision.vcxproj", "{791655A5-366C-3E2C-9323-95CD724B5A52}"
	ProjectSection(ProjectDependencies) = postProject
		{BC84C4D6-4146-30EF-AAF8-1EA175FF4196} = {BC84C4D6-4146-30EF-AAF8-1EA175FF4196}
	EndProjectSection
EndProject
Project("{8BC9CEB8-8B4A-11D0-8D11-00A0C91BC942}") = "Bullet3Common", "src\Bullet3Common\Bullet3Common.vcxproj", "{C9361FC2-85FA-39FC-97FE-7DD5B41FD7D4}"
	ProjectSection(ProjectDependencies) = postProject
		{BC84C4D6-4146-30EF-AAF8-1EA175FF4196} = {BC84C4D6-4146-30EF-AAF8-1EA175FF4196}
	EndProjectSection
EndProject
Project("{8BC9CEB8-8B4A-11D0-8D11-00A0C91BC942}") = "Bullet3Dynamics", "src\Bullet3Dynamics\Bullet3Dynamics.vcxproj", "{A4F014C8-2DE7-3CD1-9179-5D60BDEFEDFB}"
	ProjectSection(ProjectDependencies) = postProject
		{BC84C4D6-4146-30EF-AAF8-1EA175FF4196} = {BC84C4D6-4146-30EF-AAF8-1EA175FF4196}
	EndProjectSection
EndProject
Project("{8BC9CEB8-8B4A-11D0-8D11-00A0C91BC942}") = "Bullet3Geometry", "src\Bullet3Geometry\Bullet3Geometry.vcxproj", "{0B973599-A7DB-3B41-B23E-BD5E9C50BC39}"
	ProjectSection(ProjectDependencies) = postProject
		{BC84C4D6-4146-30EF-AAF8-1EA175FF4196} = {BC84C4D6-4146-30EF-AAF8-1EA175FF4196}
	EndProjectSection
EndProject
Project("{8BC9CEB8-8B4A-11D0-8D11-00A0C91BC942}") = "Bullet3OpenCL_clew", "src\Bullet3OpenCL\Bullet3OpenCL_clew.vcxproj", "{82CBA411-D2F0-3974-AF8D-85BD11A14125}"
	ProjectSection(ProjectDependencies) = postProject
		{BC84C4D6-4146-30EF-AAF8-1EA175FF4196} = {BC84C4D6-4146-30EF-AAF8-1EA175FF4196}
	EndProjectSection
EndProject
Project("{8BC9CEB8-8B4A-11D0-8D11-00A0C91BC942}") = "BulletCollision", "src\BulletCollision\BulletCollision.vcxproj", "{2B9B67C0-1B1F-304E-9ED4-1763B21A6D74}"
	ProjectSection(ProjectDependencies) = postProject
		{BC84C4D6-4146-30EF-AAF8-1EA175FF4196} = {BC84C4D6-4146-30EF-AAF8-1EA175FF4196}
	EndProjectSection
EndProject
Project("{8BC9CEB8-8B4A-11D0-8D11-00A0C91BC942}") = "BulletDynamics", "src\BulletDynamics\BulletDynamics.vcxproj", "{DC6B4528-E169-3882-AA44-CA4598187B74}"
	ProjectSection(ProjectDependencies) = postProject
		{BC84C4D6-4146-30EF-AAF8-1EA175FF4196} = {BC84C4D6-4146-30EF-AAF8-1EA175FF4196}
	EndProjectSection
EndProject
Project("{8BC9CEB8-8B4A-11D0-8D11-00A0C91BC942}") = "BulletExampleBrowserLib", "examples\ExampleBrowser\BulletExampleBrowserLib.vcxproj", "{0FA44836-A19B-30E7-AC13-2943A730BC06}"
	ProjectSection(ProjectDependencies) = postProject
		{BC84C4D6-4146-30EF-AAF8-1EA175FF4196} = {BC84C4D6-4146-30EF-AAF8-1EA175FF4196}
	EndProjectSection
EndProject
Project("{8BC9CEB8-8B4A-11D0-8D11-00A0C91BC942}") = "BulletFileLoader", "Extras\Serialize\BulletFileLoader\BulletFileLoader.vcxproj", "{811909AA-45B1-37F7-B568-DDE1229072E6}"
	ProjectSection(ProjectDependencies) = postProject
		{BC84C4D6-4146-30EF-AAF8-1EA175FF4196} = {BC84C4D6-4146-30EF-AAF8-1EA175FF4196}
	EndProjectSection
EndProject
Project("{8BC9CEB8-8B4A-11D0-8D11-00A0C91BC942}") = "BulletInverseDynamics", "src\BulletInverseDynamics\BulletInverseDynamics.vcxproj", "{DC72ECA7-DD1E-3CCD-973D-EC24C002D670}"
	ProjectSection(ProjectDependencies) = postProject
		{BC84C4D6-4146-30EF-AAF8-1EA175FF4196} = {BC84C4D6-4146-30EF-AAF8-1EA175FF4196}
	EndProjectSection
EndProject
Project("{8BC9CEB8-8B4A-11D0-8D11-00A0C91BC942}") = "BulletInverseDynamicsUtils", "Extras\InverseDynamics\BulletInverseDynamicsUtils.vcxproj", "{D6C84C2B-E272-3807-8230-F3F5DC55ADA7}"
	ProjectSection(ProjectDependencies) = postProject
		{BC84C4D6-4146-30EF-AAF8-1EA175FF4196} = {BC84C4D6-4146-30EF-AAF8-1EA175FF4196}
	EndProjectSection
EndProject
Project("{8BC9CEB8-8B4A-11D0-8D11-00A0C91BC942}") = "BulletSoftBody", "src\BulletSoftBody\BulletSoftBody.vcxproj", "{8218D32C-D3D9-3E5A-A4BA-5A6C7D692C67}"
	ProjectSection(ProjectDependencies) = postProject
		{BC84C4D6-4146-30EF-AAF8-1EA175FF4196} = {BC84C4D6-4146-30EF-AAF8-1EA175FF4196}
	EndProjectSection
EndProject
Project("{8BC9CEB8-8B4A-11D0-8D11-00A0C91BC942}") = "BulletWorldImporter", "Extras\Serialize\BulletWorldImporter\BulletWorldImporter.vcxproj", "{43BCD1C4-0469-3818-B43C-3B265430984F}"
	ProjectSection(ProjectDependencies) = postProject
		{BC84C4D6-4146-30EF-AAF8-1EA175FF4196} = {BC84C4D6-4146-30EF-AAF8-1EA175FF4196}
	EndProjectSection
EndProject
Project("{8BC9CEB8-8B4A-11D0-8D11-00A0C91BC942}") = "BulletXmlWorldImporter", "Extras\Serialize\BulletXmlWorldImporter\BulletXmlWorldImporter.vcxproj", "{C5AE8790-46E3-3183-B69D-776F29D971D1}"
	ProjectSection(ProjectDependencies) = postProject
		{BC84C4D6-4146-30EF-AAF8-1EA175FF4196} = {BC84C4D6-4146-30EF-AAF8-1EA175FF4196}
	EndProjectSection
EndProject
Project("{8BC9CEB8-8B4A-11D0-8D11-00A0C91BC942}") = "BussIK", "examples\ThirdPartyLibs\BussIK\BussIK.vcxproj", "{062FBA88-C5A2-326A-846D-7760905C8B5F}"
	ProjectSection(ProjectDependencies) = postProject
		{BC84C4D6-4146-30EF-AAF8-1EA175FF4196} = {BC84C4D6-4146-30EF-AAF8-1EA175FF4196}
	EndProjectSection
EndProject
Project("{8BC9CEB8-8B4A-11D0-8D11-00A0C91BC942}") = "ConvexDecomposition", "Extras\ConvexDecomposition\ConvexDecomposition.vcxproj", "{FC2C0077-14AA-3A73-AF33-82D5238416E2}"
	ProjectSection(ProjectDependencies) = postProject
		{BC84C4D6-4146-30EF-AAF8-1EA175FF4196} = {BC84C4D6-4146-30EF-AAF8-1EA175FF4196}
	EndProjectSection
EndProject
Project("{8BC9CEB8-8B4A-11D0-8D11-00A0C91BC942}") = "GIMPACTUtils", "Extras\GIMPACTUtils\GIMPACTUtils.vcxproj", "{2D255B38-7ADF-3BC4-A018-88868D15E0C1}"
	ProjectSection(ProjectDependencies) = postProject
		{BC84C4D6-4146-30EF-AAF8-1EA175FF4196} = {BC84C4D6-4146-30EF-AAF8-1EA175FF4196}
	EndProjectSection
EndProject
Project("{8BC9CEB8-8B4A-11D0-8D11-00A0C91BC942}") = "HACD", "Extras\HACD\HACD.vcxproj", "{D1866A16-18A5-3D56-ADAF-DD103BF6A07A}"
	ProjectSection(ProjectDependencies) = postProject
		{BC84C4D6-4146-30EF-AAF8-1EA175FF4196} = {BC84C4D6-4146-30EF-AAF8-1EA175FF4196}
	EndProjectSection
EndProject
Project("{8BC9CEB8-8B4A-11D0-8D11-00A0C91BC942}") = "INSTALL", "INSTALL.vcxproj", "{2408F94A-D7E6-398E-AB95-FB293C97002F}"
	ProjectSection(ProjectDependencies) = postProject
		{783782B9-6A15-3CAB-A995-5066797AAADB} = {783782B9-6A15-3CAB-A995-5066797AAADB}
		{BC84C4D6-4146-30EF-AAF8-1EA175FF4196} = {BC84C4D6-4146-30EF-AAF8-1EA175FF4196}
	EndProjectSection
EndProject
Project("{8BC9CEB8-8B4A-11D0-8D11-00A0C91BC942}") = "LinearMath", "src\LinearMath\LinearMath.vcxproj", "{C32C4C64-17A4-3D31-982A-5AA99240E817}"
	ProjectSection(ProjectDependencies) = postProject
		{BC84C4D6-4146-30EF-AAF8-1EA175FF4196} = {BC84C4D6-4146-30EF-AAF8-1EA175FF4196}
	EndProjectSection
EndProject
Project("{8BC9CEB8-8B4A-11D0-8D11-00A0C91BC942}") = "OpenGLWindow", "examples\OpenGLWindow\OpenGLWindow.vcxproj", "{9D3FF64A-CCA9-33CE-A36A-353CFCF01F2F}"
	ProjectSection(ProjectDependencies) = postProject
		{BC84C4D6-4146-30EF-AAF8-1EA175FF4196} = {BC84C4D6-4146-30EF-AAF8-1EA175FF4196}
	EndProjectSection
EndProject
Project("{8BC9CEB8-8B4A-11D0-8D11-00A0C91BC942}") = "RUN_TESTS", "RUN_TESTS.vcxproj", "{958E2615-FA59-3864-9609-6AD4B73014AB}"
	ProjectSection(ProjectDependencies) = postProject
		{BC84C4D6-4146-30EF-AAF8-1EA175FF4196} = {BC84C4D6-4146-30EF-AAF8-1EA175FF4196}
	EndProjectSection
EndProject
Project("{8BC9CEB8-8B4A-11D0-8D11-00A0C91BC942}") = "Test_BulletDynamics", "test\BulletDynamics\pendulum\Test_BulletDynamics.vcxproj", "{B604E190-6690-3CAF-A2AB-BA19A486108B}"
	ProjectSection(ProjectDependencies) = postProject
		{2B9B67C0-1B1F-304E-9ED4-1763B21A6D74} = {2B9B67C0-1B1F-304E-9ED4-1763B21A6D74}
		{DC6B4528-E169-3882-AA44-CA4598187B74} = {DC6B4528-E169-3882-AA44-CA4598187B74}
		{C32C4C64-17A4-3D31-982A-5AA99240E817} = {C32C4C64-17A4-3D31-982A-5AA99240E817}
		{BC84C4D6-4146-30EF-AAF8-1EA175FF4196} = {BC84C4D6-4146-30EF-AAF8-1EA175FF4196}
		{FD5F10C0-5B62-32CD-992B-3C8A72ADAA1C} = {FD5F10C0-5B62-32CD-992B-3C8A72ADAA1C}
	EndProjectSection
EndProject
Project("{8BC9CEB8-8B4A-11D0-8D11-00A0C91BC942}") = "Test_BulletInverseDynamics", "test\InverseDynamics\Test_BulletInverseDynamics.vcxproj", "{5B3C85BC-A3CD-3062-98B0-15CB3ADB1EED}"
	ProjectSection(ProjectDependencies) = postProject
		{C9361FC2-85FA-39FC-97FE-7DD5B41FD7D4} = {C9361FC2-85FA-39FC-97FE-7DD5B41FD7D4}
		{2B9B67C0-1B1F-304E-9ED4-1763B21A6D74} = {2B9B67C0-1B1F-304E-9ED4-1763B21A6D74}
		{DC6B4528-E169-3882-AA44-CA4598187B74} = {DC6B4528-E169-3882-AA44-CA4598187B74}
		{DC72ECA7-DD1E-3CCD-973D-EC24C002D670} = {DC72ECA7-DD1E-3CCD-973D-EC24C002D670}
		{D6C84C2B-E272-3807-8230-F3F5DC55ADA7} = {D6C84C2B-E272-3807-8230-F3F5DC55ADA7}
		{C32C4C64-17A4-3D31-982A-5AA99240E817} = {C32C4C64-17A4-3D31-982A-5AA99240E817}
		{BC84C4D6-4146-30EF-AAF8-1EA175FF4196} = {BC84C4D6-4146-30EF-AAF8-1EA175FF4196}
		{FD5F10C0-5B62-32CD-992B-3C8A72ADAA1C} = {FD5F10C0-5B62-32CD-992B-3C8A72ADAA1C}
	EndProjectSection
EndProject
Project("{8BC9CEB8-8B4A-11D0-8D11-00A0C91BC942}") = "Test_BulletInverseDynamicsJacobian", "test\InverseDynamics\Test_BulletInverseDynamicsJacobian.vcxproj", "{28129AA4-9083-34BA-8C0F-BE44DB0CFE43}"
	ProjectSection(ProjectDependencies) = postProject
		{C9361FC2-85FA-39FC-97FE-7DD5B41FD7D4} = {C9361FC2-85FA-39FC-97FE-7DD5B41FD7D4}
		{DC72ECA7-DD1E-3CCD-973D-EC24C002D670} = {DC72ECA7-DD1E-3CCD-973D-EC24C002D670}
		{D6C84C2B-E272-3807-8230-F3F5DC55ADA7} = {D6C84C2B-E272-3807-8230-F3F5DC55ADA7}
		{C32C4C64-17A4-3D31-982A-5AA99240E817} = {C32C4C64-17A4-3D31-982A-5AA99240E817}
		{BC84C4D6-4146-30EF-AAF8-1EA175FF4196} = {BC84C4D6-4146-30EF-AAF8-1EA175FF4196}
		{FD5F10C0-5B62-32CD-992B-3C8A72ADAA1C} = {FD5F10C0-5B62-32CD-992B-3C8A72ADAA1C}
	EndProjectSection
EndProject
Project("{8BC9CEB8-8B4A-11D0-8D11-00A0C91BC942}") = "Test_BulletInverseForwardDynamics", "test\InverseDynamics\Test_BulletInverseForwardDynamics.vcxproj", "{F05DE0BE-01A4-36B3-8DF7-FAE5A42BD8C4}"
	ProjectSection(ProjectDependencies) = postProject
		{C9361FC2-85FA-39FC-97FE-7DD5B41FD7D4} = {C9361FC2-85FA-39FC-97FE-7DD5B41FD7D4}
		{2B9B67C0-1B1F-304E-9ED4-1763B21A6D74} = {2B9B67C0-1B1F-304E-9ED4-1763B21A6D74}
		{DC6B4528-E169-3882-AA44-CA4598187B74} = {DC6B4528-E169-3882-AA44-CA4598187B74}
		{DC72ECA7-DD1E-3CCD-973D-EC24C002D670} = {DC72ECA7-DD1E-3CCD-973D-EC24C002D670}
		{D6C84C2B-E272-3807-8230-F3F5DC55ADA7} = {D6C84C2B-E272-3807-8230-F3F5DC55ADA7}
		{C32C4C64-17A4-3D31-982A-5AA99240E817} = {C32C4C64-17A4-3D31-982A-5AA99240E817}
		{BC84C4D6-4146-30EF-AAF8-1EA175FF4196} = {BC84C4D6-4146-30EF-AAF8-1EA175FF4196}
		{FD5F10C0-5B62-32CD-992B-3C8A72ADAA1C} = {FD5F10C0-5B62-32CD-992B-3C8A72ADAA1C}
	EndProjectSection
EndProject
Project("{8BC9CEB8-8B4A-11D0-8D11-00A0C91BC942}") = "Test_Collision", "test\collision\Test_Collision.vcxproj", "{9C5A0276-7ACD-3FF0-9261-C44AB78A0149}"
	ProjectSection(ProjectDependencies) = postProject
		{C32C4C64-17A4-3D31-982A-5AA99240E817} = {C32C4C64-17A4-3D31-982A-5AA99240E817}
		{BC84C4D6-4146-30EF-AAF8-1EA175FF4196} = {BC84C4D6-4146-30EF-AAF8-1EA175FF4196}
		{FD5F10C0-5B62-32CD-992B-3C8A72ADAA1C} = {FD5F10C0-5B62-32CD-992B-3C8A72ADAA1C}
	EndProjectSection
EndProject
Project("{8BC9CEB8-8B4A-11D0-8D11-00A0C91BC942}") = "Test_PhysicsClientServer", "test\SharedMemory\Test_PhysicsClientServer.vcxproj", "{9A823DB3-3418-3C29-9429-69026ECD0676}"
	ProjectSection(ProjectDependencies) = postProject
		{C9361FC2-85FA-39FC-97FE-7DD5B41FD7D4} = {C9361FC2-85FA-39FC-97FE-7DD5B41FD7D4}
		{2B9B67C0-1B1F-304E-9ED4-1763B21A6D74} = {2B9B67C0-1B1F-304E-9ED4-1763B21A6D74}
		{DC6B4528-E169-3882-AA44-CA4598187B74} = {DC6B4528-E169-3882-AA44-CA4598187B74}
		{811909AA-45B1-37F7-B568-DDE1229072E6} = {811909AA-45B1-37F7-B568-DDE1229072E6}
		{DC72ECA7-DD1E-3CCD-973D-EC24C002D670} = {DC72ECA7-DD1E-3CCD-973D-EC24C002D670}
		{D6C84C2B-E272-3807-8230-F3F5DC55ADA7} = {D6C84C2B-E272-3807-8230-F3F5DC55ADA7}
		{43BCD1C4-0469-3818-B43C-3B265430984F} = {43BCD1C4-0469-3818-B43C-3B265430984F}
		{062FBA88-C5A2-326A-846D-7760905C8B5F} = {062FBA88-C5A2-326A-846D-7760905C8B5F}
		{C32C4C64-17A4-3D31-982A-5AA99240E817} = {C32C4C64-17A4-3D31-982A-5AA99240E817}
		{BC84C4D6-4146-30EF-AAF8-1EA175FF4196} = {BC84C4D6-4146-30EF-AAF8-1EA175FF4196}
		{FD5F10C0-5B62-32CD-992B-3C8A72ADAA1C} = {FD5F10C0-5B62-32CD-992B-3C8A72ADAA1C}
	EndProjectSection
EndProject
Project("{8BC9CEB8-8B4A-11D0-8D11-00A0C91BC942}") = "ZERO_CHECK", "ZERO_CHECK.vcxproj", "{BC84C4D6-4146-30EF-AAF8-1EA175FF4196}"
	ProjectSection(ProjectDependencies) = postProject
	EndProjectSection
EndProject
Project("{8BC9CEB8-8B4A-11D0-8D11-00A0C91BC942}") = "gtest", "test\gtest-1.7.0\gtest.vcxproj", "{FD5F10C0-5B62-32CD-992B-3C8A72ADAA1C}"
	ProjectSection(ProjectDependencies) = postProject
		{BC84C4D6-4146-30EF-AAF8-1EA175FF4196} = {BC84C4D6-4146-30EF-AAF8-1EA175FF4196}
	EndProjectSection
EndProject
Project("{8BC9CEB8-8B4A-11D0-8D11-00A0C91BC942}") = "gwen", "examples\ThirdPartyLibs\Gwen\gwen.vcxproj", "{0BD70A79-DB5E-3A56-8AB8-74D48EDE6C11}"
	ProjectSection(ProjectDependencies) = postProject
		{BC84C4D6-4146-30EF-AAF8-1EA175FF4196} = {BC84C4D6-4146-30EF-AAF8-1EA175FF4196}
	EndProjectSection
EndProject
Global
	GlobalSection(SolutionConfigurationPlatforms) = preSolution
		Debug|x64 = Debug|x64
		Release|x64 = Release|x64
		MinSizeRel|x64 = MinSizeRel|x64
		RelWithDebInfo|x64 = RelWithDebInfo|x64
	EndGlobalSection
	GlobalSection(ProjectConfigurationPlatforms) = postSolution
		{783782B9-6A15-3CAB-A995-5066797AAADB}.Debug|x64.ActiveCfg = Debug|x64
		{783782B9-6A15-3CAB-A995-5066797AAADB}.Debug|x64.Build.0 = Debug|x64
		{783782B9-6A15-3CAB-A995-5066797AAADB}.Release|x64.ActiveCfg = Release|x64
		{783782B9-6A15-3CAB-A995-5066797AAADB}.Release|x64.Build.0 = Release|x64
		{783782B9-6A15-3CAB-A995-5066797AAADB}.MinSizeRel|x64.ActiveCfg = MinSizeRel|x64
		{783782B9-6A15-3CAB-A995-5066797AAADB}.MinSizeRel|x64.Build.0 = MinSizeRel|x64
		{783782B9-6A15-3CAB-A995-5066797AAADB}.RelWithDebInfo|x64.ActiveCfg = RelWithDebInfo|x64
		{783782B9-6A15-3CAB-A995-5066797AAADB}.RelWithDebInfo|x64.Build.0 = RelWithDebInfo|x64
		{9D2BE7D3-D4F9-3379-AD09-520104B41512}.Debug|x64.ActiveCfg = Debug|x64
		{9D2BE7D3-D4F9-3379-AD09-520104B41512}.Debug|x64.Build.0 = Debug|x64
		{9D2BE7D3-D4F9-3379-AD09-520104B41512}.Release|x64.ActiveCfg = Release|x64
		{9D2BE7D3-D4F9-3379-AD09-520104B41512}.Release|x64.Build.0 = Release|x64
		{9D2BE7D3-D4F9-3379-AD09-520104B41512}.MinSizeRel|x64.ActiveCfg = MinSizeRel|x64
		{9D2BE7D3-D4F9-3379-AD09-520104B41512}.MinSizeRel|x64.Build.0 = MinSizeRel|x64
		{9D2BE7D3-D4F9-3379-AD09-520104B41512}.RelWithDebInfo|x64.ActiveCfg = RelWithDebInfo|x64
		{9D2BE7D3-D4F9-3379-AD09-520104B41512}.RelWithDebInfo|x64.Build.0 = RelWithDebInfo|x64
		{A33A564A-C985-37AD-9CA8-7065D78EBA71}.Debug|x64.ActiveCfg = Debug|x64
		{A33A564A-C985-37AD-9CA8-7065D78EBA71}.Debug|x64.Build.0 = Debug|x64
		{A33A564A-C985-37AD-9CA8-7065D78EBA71}.Release|x64.ActiveCfg = Release|x64
		{A33A564A-C985-37AD-9CA8-7065D78EBA71}.Release|x64.Build.0 = Release|x64
		{A33A564A-C985-37AD-9CA8-7065D78EBA71}.MinSizeRel|x64.ActiveCfg = MinSizeRel|x64
		{A33A564A-C985-37AD-9CA8-7065D78EBA71}.MinSizeRel|x64.Build.0 = MinSizeRel|x64
		{A33A564A-C985-37AD-9CA8-7065D78EBA71}.RelWithDebInfo|x64.ActiveCfg = RelWithDebInfo|x64
		{A33A564A-C985-37AD-9CA8-7065D78EBA71}.RelWithDebInfo|x64.Build.0 = RelWithDebInfo|x64
		{0EFA5843-70F5-383C-AF57-1439CF879867}.Debug|x64.ActiveCfg = Debug|x64
		{0EFA5843-70F5-383C-AF57-1439CF879867}.Debug|x64.Build.0 = Debug|x64
		{0EFA5843-70F5-383C-AF57-1439CF879867}.Release|x64.ActiveCfg = Release|x64
		{0EFA5843-70F5-383C-AF57-1439CF879867}.Release|x64.Build.0 = Release|x64
		{0EFA5843-70F5-383C-AF57-1439CF879867}.MinSizeRel|x64.ActiveCfg = MinSizeRel|x64
		{0EFA5843-70F5-383C-AF57-1439CF879867}.MinSizeRel|x64.Build.0 = MinSizeRel|x64
		{0EFA5843-70F5-383C-AF57-1439CF879867}.RelWithDebInfo|x64.ActiveCfg = RelWithDebInfo|x64
		{0EFA5843-70F5-383C-AF57-1439CF879867}.RelWithDebInfo|x64.Build.0 = RelWithDebInfo|x64
		{D085A2CB-516A-3B38-9D1C-563B131E5092}.Debug|x64.ActiveCfg = Debug|x64
		{D085A2CB-516A-3B38-9D1C-563B131E5092}.Debug|x64.Build.0 = Debug|x64
		{D085A2CB-516A-3B38-9D1C-563B131E5092}.Release|x64.ActiveCfg = Release|x64
		{D085A2CB-516A-3B38-9D1C-563B131E5092}.Release|x64.Build.0 = Release|x64
		{D085A2CB-516A-3B38-9D1C-563B131E5092}.MinSizeRel|x64.ActiveCfg = MinSizeRel|x64
		{D085A2CB-516A-3B38-9D1C-563B131E5092}.MinSizeRel|x64.Build.0 = MinSizeRel|x64
		{D085A2CB-516A-3B38-9D1C-563B131E5092}.RelWithDebInfo|x64.ActiveCfg = RelWithDebInfo|x64
		{D085A2CB-516A-3B38-9D1C-563B131E5092}.RelWithDebInfo|x64.Build.0 = RelWithDebInfo|x64
		{A506E0C2-7890-3101-8D07-FFC285126970}.Debug|x64.ActiveCfg = Debug|x64
		{A506E0C2-7890-3101-8D07-FFC285126970}.Debug|x64.Build.0 = Debug|x64
		{A506E0C2-7890-3101-8D07-FFC285126970}.Release|x64.ActiveCfg = Release|x64
		{A506E0C2-7890-3101-8D07-FFC285126970}.Release|x64.Build.0 = Release|x64
		{A506E0C2-7890-3101-8D07-FFC285126970}.MinSizeRel|x64.ActiveCfg = MinSizeRel|x64
		{A506E0C2-7890-3101-8D07-FFC285126970}.MinSizeRel|x64.Build.0 = MinSizeRel|x64
		{A506E0C2-7890-3101-8D07-FFC285126970}.RelWithDebInfo|x64.ActiveCfg = RelWithDebInfo|x64
		{A506E0C2-7890-3101-8D07-FFC285126970}.RelWithDebInfo|x64.Build.0 = RelWithDebInfo|x64
		{791655A5-366C-3E2C-9323-95CD724B5A52}.Debug|x64.ActiveCfg = Debug|x64
		{791655A5-366C-3E2C-9323-95CD724B5A52}.Debug|x64.Build.0 = Debug|x64
		{791655A5-366C-3E2C-9323-95CD724B5A52}.Release|x64.ActiveCfg = Release|x64
		{791655A5-366C-3E2C-9323-95CD724B5A52}.Release|x64.Build.0 = Release|x64
		{791655A5-366C-3E2C-9323-95CD724B5A52}.MinSizeRel|x64.ActiveCfg = MinSizeRel|x64
		{791655A5-366C-3E2C-9323-95CD724B5A52}.MinSizeRel|x64.Build.0 = MinSizeRel|x64
		{791655A5-366C-3E2C-9323-95CD724B5A52}.RelWithDebInfo|x64.ActiveCfg = RelWithDebInfo|x64
		{791655A5-366C-3E2C-9323-95CD724B5A52}.RelWithDebInfo|x64.Build.0 = RelWithDebInfo|x64
		{C9361FC2-85FA-39FC-97FE-7DD5B41FD7D4}.Debug|x64.ActiveCfg = Debug|x64
		{C9361FC2-85FA-39FC-97FE-7DD5B41FD7D4}.Debug|x64.Build.0 = Debug|x64
		{C9361FC2-85FA-39FC-97FE-7DD5B41FD7D4}.Release|x64.ActiveCfg = Release|x64
		{C9361FC2-85FA-39FC-97FE-7DD5B41FD7D4}.Release|x64.Build.0 = Release|x64
		{C9361FC2-85FA-39FC-97FE-7DD5B41FD7D4}.MinSizeRel|x64.ActiveCfg = MinSizeRel|x64
		{C9361FC2-85FA-39FC-97FE-7DD5B41FD7D4}.MinSizeRel|x64.Build.0 = MinSizeRel|x64
		{C9361FC2-85FA-39FC-97FE-7DD5B41FD7D4}.RelWithDebInfo|x64.ActiveCfg = RelWithDebInfo|x64
		{C9361FC2-85FA-39FC-97FE-7DD5B41FD7D4}.RelWithDebInfo|x64.Build.0 = RelWithDebInfo|x64
		{A4F014C8-2DE7-3CD1-9179-5D60BDEFEDFB}.Debug|x64.ActiveCfg = Debug|x64
		{A4F014C8-2DE7-3CD1-9179-5D60BDEFEDFB}.Debug|x64.Build.0 = Debug|x64
		{A4F014C8-2DE7-3CD1-9179-5D60BDEFEDFB}.Release|x64.ActiveCfg = Release|x64
		{A4F014C8-2DE7-3CD1-9179-5D60BDEFEDFB}.Release|x64.Build.0 = Release|x64
		{A4F014C8-2DE7-3CD1-9179-5D60BDEFEDFB}.MinSizeRel|x64.ActiveCfg = MinSizeRel|x64
		{A4F014C8-2DE7-3CD1-9179-5D60BDEFEDFB}.MinSizeRel|x64.Build.0 = MinSizeRel|x64
		{A4F014C8-2DE7-3CD1-9179-5D60BDEFEDFB}.RelWithDebInfo|x64.ActiveCfg = RelWithDebInfo|x64
		{A4F014C8-2DE7-3CD1-9179-5D60BDEFEDFB}.RelWithDebInfo|x64.Build.0 = RelWithDebInfo|x64
		{0B973599-A7DB-3B41-B23E-BD5E9C50BC39}.Debug|x64.ActiveCfg = Debug|x64
		{0B973599-A7DB-3B41-B23E-BD5E9C50BC39}.Debug|x64.Build.0 = Debug|x64
		{0B973599-A7DB-3B41-B23E-BD5E9C50BC39}.Release|x64.ActiveCfg = Release|x64
		{0B973599-A7DB-3B41-B23E-BD5E9C50BC39}.Release|x64.Build.0 = Release|x64
		{0B973599-A7DB-3B41-B23E-BD5E9C50BC39}.MinSizeRel|x64.ActiveCfg = MinSizeRel|x64
		{0B973599-A7DB-3B41-B23E-BD5E9C50BC39}.MinSizeRel|x64.Build.0 = MinSizeRel|x64
		{0B973599-A7DB-3B41-B23E-BD5E9C50BC39}.RelWithDebInfo|x64.ActiveCfg = RelWithDebInfo|x64
		{0B973599-A7DB-3B41-B23E-BD5E9C50BC39}.RelWithDebInfo|x64.Build.0 = RelWithDebInfo|x64
		{82CBA411-D2F0-3974-AF8D-85BD11A14125}.Debug|x64.ActiveCfg = Debug|x64
		{82CBA411-D2F0-3974-AF8D-85BD11A14125}.Debug|x64.Build.0 = Debug|x64
		{82CBA411-D2F0-3974-AF8D-85BD11A14125}.Release|x64.ActiveCfg = Release|x64
		{82CBA411-D2F0-3974-AF8D-85BD11A14125}.Release|x64.Build.0 = Release|x64
		{82CBA411-D2F0-3974-AF8D-85BD11A14125}.MinSizeRel|x64.ActiveCfg = MinSizeRel|x64
		{82CBA411-D2F0-3974-AF8D-85BD11A14125}.MinSizeRel|x64.Build.0 = MinSizeRel|x64
		{82CBA411-D2F0-3974-AF8D-85BD11A14125}.RelWithDebInfo|x64.ActiveCfg = RelWithDebInfo|x64
		{82CBA411-D2F0-3974-AF8D-85BD11A14125}.RelWithDebInfo|x64.Build.0 = RelWithDebInfo|x64
		{2B9B67C0-1B1F-304E-9ED4-1763B21A6D74}.Debug|x64.ActiveCfg = Debug|x64
		{2B9B67C0-1B1F-304E-9ED4-1763B21A6D74}.Debug|x64.Build.0 = Debug|x64
		{2B9B67C0-1B1F-304E-9ED4-1763B21A6D74}.Release|x64.ActiveCfg = Release|x64
		{2B9B67C0-1B1F-304E-9ED4-1763B21A6D74}.Release|x64.Build.0 = Release|x64
		{2B9B67C0-1B1F-304E-9ED4-1763B21A6D74}.MinSizeRel|x64.ActiveCfg = MinSizeRel|x64
		{2B9B67C0-1B1F-304E-9ED4-1763B21A6D74}.MinSizeRel|x64.Build.0 = MinSizeRel|x64
		{2B9B67C0-1B1F-304E-9ED4-1763B21A6D74}.RelWithDebInfo|x64.ActiveCfg = RelWithDebInfo|x64
		{2B9B67C0-1B1F-304E-9ED4-1763B21A6D74}.RelWithDebInfo|x64.Build.0 = RelWithDebInfo|x64
		{DC6B4528-E169-3882-AA44-CA4598187B74}.Debug|x64.ActiveCfg = Debug|x64
		{DC6B4528-E169-3882-AA44-CA4598187B74}.Debug|x64.Build.0 = Debug|x64
		{DC6B4528-E169-3882-AA44-CA4598187B74}.Release|x64.ActiveCfg = Release|x64
		{DC6B4528-E169-3882-AA44-CA4598187B74}.Release|x64.Build.0 = Release|x64
		{DC6B4528-E169-3882-AA44-CA4598187B74}.MinSizeRel|x64.ActiveCfg = MinSizeRel|x64
		{DC6B4528-E169-3882-AA44-CA4598187B74}.MinSizeRel|x64.Build.0 = MinSizeRel|x64
		{DC6B4528-E169-3882-AA44-CA4598187B74}.RelWithDebInfo|x64.ActiveCfg = RelWithDebInfo|x64
		{DC6B4528-E169-3882-AA44-CA4598187B74}.RelWithDebInfo|x64.Build.0 = RelWithDebInfo|x64
		{0FA44836-A19B-30E7-AC13-2943A730BC06}.Debug|x64.ActiveCfg = Debug|x64
		{0FA44836-A19B-30E7-AC13-2943A730BC06}.Debug|x64.Build.0 = Debug|x64
		{0FA44836-A19B-30E7-AC13-2943A730BC06}.Release|x64.ActiveCfg = Release|x64
		{0FA44836-A19B-30E7-AC13-2943A730BC06}.Release|x64.Build.0 = Release|x64
		{0FA44836-A19B-30E7-AC13-2943A730BC06}.MinSizeRel|x64.ActiveCfg = MinSizeRel|x64
		{0FA44836-A19B-30E7-AC13-2943A730BC06}.MinSizeRel|x64.Build.0 = MinSizeRel|x64
		{0FA44836-A19B-30E7-AC13-2943A730BC06}.RelWithDebInfo|x64.ActiveCfg = RelWithDebInfo|x64
		{0FA44836-A19B-30E7-AC13-2943A730BC06}.RelWithDebInfo|x64.Build.0 = RelWithDebInfo|x64
		{811909AA-45B1-37F7-B568-DDE1229072E6}.Debug|x64.ActiveCfg = Debug|x64
		{811909AA-45B1-37F7-B568-DDE1229072E6}.Debug|x64.Build.0 = Debug|x64
		{811909AA-45B1-37F7-B568-DDE1229072E6}.Release|x64.ActiveCfg = Release|x64
		{811909AA-45B1-37F7-B568-DDE1229072E6}.Release|x64.Build.0 = Release|x64
		{811909AA-45B1-37F7-B568-DDE1229072E6}.MinSizeRel|x64.ActiveCfg = MinSizeRel|x64
		{811909AA-45B1-37F7-B568-DDE1229072E6}.MinSizeRel|x64.Build.0 = MinSizeRel|x64
		{811909AA-45B1-37F7-B568-DDE1229072E6}.RelWithDebInfo|x64.ActiveCfg = RelWithDebInfo|x64
		{811909AA-45B1-37F7-B568-DDE1229072E6}.RelWithDebInfo|x64.Build.0 = RelWithDebInfo|x64
		{DC72ECA7-DD1E-3CCD-973D-EC24C002D670}.Debug|x64.ActiveCfg = Debug|x64
		{DC72ECA7-DD1E-3CCD-973D-EC24C002D670}.Debug|x64.Build.0 = Debug|x64
		{DC72ECA7-DD1E-3CCD-973D-EC24C002D670}.Release|x64.ActiveCfg = Release|x64
		{DC72ECA7-DD1E-3CCD-973D-EC24C002D670}.Release|x64.Build.0 = Release|x64
		{DC72ECA7-DD1E-3CCD-973D-EC24C002D670}.MinSizeRel|x64.ActiveCfg = MinSizeRel|x64
		{DC72ECA7-DD1E-3CCD-973D-EC24C002D670}.MinSizeRel|x64.Build.0 = MinSizeRel|x64
		{DC72ECA7-DD1E-3CCD-973D-EC24C002D670}.RelWithDebInfo|x64.ActiveCfg = RelWithDebInfo|x64
		{DC72ECA7-DD1E-3CCD-973D-EC24C002D670}.RelWithDebInfo|x64.Build.0 = RelWithDebInfo|x64
		{D6C84C2B-E272-3807-8230-F3F5DC55ADA7}.Debug|x64.ActiveCfg = Debug|x64
		{D6C84C2B-E272-3807-8230-F3F5DC55ADA7}.Debug|x64.Build.0 = Debug|x64
		{D6C84C2B-E272-3807-8230-F3F5DC55ADA7}.Release|x64.ActiveCfg = Release|x64
		{D6C84C2B-E272-3807-8230-F3F5DC55ADA7}.Release|x64.Build.0 = Release|x64
		{D6C84C2B-E272-3807-8230-F3F5DC55ADA7}.MinSizeRel|x64.ActiveCfg = MinSizeRel|x64
		{D6C84C2B-E272-3807-8230-F3F5DC55ADA7}.MinSizeRel|x64.Build.0 = MinSizeRel|x64
		{D6C84C2B-E272-3807-8230-F3F5DC55ADA7}.RelWithDebInfo|x64.ActiveCfg = RelWithDebInfo|x64
		{D6C84C2B-E272-3807-8230-F3F5DC55ADA7}.RelWithDebInfo|x64.Build.0 = RelWithDebInfo|x64
		{8218D32C-D3D9-3E5A-A4BA-5A6C7D692C67}.Debug|x64.ActiveCfg = Debug|x64
		{8218D32C-D3D9-3E5A-A4BA-5A6C7D692C67}.Debug|x64.Build.0 = Debug|x64
		{8218D32C-D3D9-3E5A-A4BA-5A6C7D692C67}.Release|x64.ActiveCfg = Release|x64
		{8218D32C-D3D9-3E5A-A4BA-5A6C7D692C67}.Release|x64.Build.0 = Release|x64
		{8218D32C-D3D9-3E5A-A4BA-5A6C7D692C67}.MinSizeRel|x64.ActiveCfg = MinSizeRel|x64
		{8218D32C-D3D9-3E5A-A4BA-5A6C7D692C67}.MinSizeRel|x64.Build.0 = MinSizeRel|x64
		{8218D32C-D3D9-3E5A-A4BA-5A6C7D692C67}.RelWithDebInfo|x64.ActiveCfg = RelWithDebInfo|x64
		{8218D32C-D3D9-3E5A-A4BA-5A6C7D692C67}.RelWithDebInfo|x64.Build.0 = RelWithDebInfo|x64
		{43BCD1C4-0469-3818-B43C-3B265430984F}.Debug|x64.ActiveCfg = Debug|x64
		{43BCD1C4-0469-3818-B43C-3B265430984F}.Debug|x64.Build.0 = Debug|x64
		{43BCD1C4-0469-3818-B43C-3B265430984F}.Release|x64.ActiveCfg = Release|x64
		{43BCD1C4-0469-3818-B43C-3B265430984F}.Release|x64.Build.0 = Release|x64
		{43BCD1C4-0469-3818-B43C-3B265430984F}.MinSizeRel|x64.ActiveCfg = MinSizeRel|x64
		{43BCD1C4-0469-3818-B43C-3B265430984F}.MinSizeRel|x64.Build.0 = MinSizeRel|x64
		{43BCD1C4-0469-3818-B43C-3B265430984F}.RelWithDebInfo|x64.ActiveCfg = RelWithDebInfo|x64
		{43BCD1C4-0469-3818-B43C-3B265430984F}.RelWithDebInfo|x64.Build.0 = RelWithDebInfo|x64
		{C5AE8790-46E3-3183-B69D-776F29D971D1}.Debug|x64.ActiveCfg = Debug|x64
		{C5AE8790-46E3-3183-B69D-776F29D971D1}.Debug|x64.Build.0 = Debug|x64
		{C5AE8790-46E3-3183-B69D-776F29D971D1}.Release|x64.ActiveCfg = Release|x64
		{C5AE8790-46E3-3183-B69D-776F29D971D1}.Release|x64.Build.0 = Release|x64
		{C5AE8790-46E3-3183-B69D-776F29D971D1}.MinSizeRel|x64.ActiveCfg = MinSizeRel|x64
		{C5AE8790-46E3-3183-B69D-776F29D971D1}.MinSizeRel|x64.Build.0 = MinSizeRel|x64
		{C5AE8790-46E3-3183-B69D-776F29D971D1}.RelWithDebInfo|x64.ActiveCfg = RelWithDebInfo|x64
		{C5AE8790-46E3-3183-B69D-776F29D971D1}.RelWithDebInfo|x64.Build.0 = RelWithDebInfo|x64
		{062FBA88-C5A2-326A-846D-7760905C8B5F}.Debug|x64.ActiveCfg = Debug|x64
		{062FBA88-C5A2-326A-846D-7760905C8B5F}.Debug|x64.Build.0 = Debug|x64
		{062FBA88-C5A2-326A-846D-7760905C8B5F}.Release|x64.ActiveCfg = Release|x64
		{062FBA88-C5A2-326A-846D-7760905C8B5F}.Release|x64.Build.0 = Release|x64
		{062FBA88-C5A2-326A-846D-7760905C8B5F}.MinSizeRel|x64.ActiveCfg = MinSizeRel|x64
		{062FBA88-C5A2-326A-846D-7760905C8B5F}.MinSizeRel|x64.Build.0 = MinSizeRel|x64
		{062FBA88-C5A2-326A-846D-7760905C8B5F}.RelWithDebInfo|x64.ActiveCfg = RelWithDebInfo|x64
		{062FBA88-C5A2-326A-846D-7760905C8B5F}.RelWithDebInfo|x64.Build.0 = RelWithDebInfo|x64
		{FC2C0077-14AA-3A73-AF33-82D5238416E2}.Debug|x64.ActiveCfg = Debug|x64
		{FC2C0077-14AA-3A73-AF33-82D5238416E2}.Debug|x64.Build.0 = Debug|x64
		{FC2C0077-14AA-3A73-AF33-82D5238416E2}.Release|x64.ActiveCfg = Release|x64
		{FC2C0077-14AA-3A73-AF33-82D5238416E2}.Release|x64.Build.0 = Release|x64
		{FC2C0077-14AA-3A73-AF33-82D5238416E2}.MinSizeRel|x64.ActiveCfg = MinSizeRel|x64
		{FC2C0077-14AA-3A73-AF33-82D5238416E2}.MinSizeRel|x64.Build.0 = MinSizeRel|x64
		{FC2C0077-14AA-3A73-AF33-82D5238416E2}.RelWithDebInfo|x64.ActiveCfg = RelWithDebInfo|x64
		{FC2C0077-14AA-3A73-AF33-82D5238416E2}.RelWithDebInfo|x64.Build.0 = RelWithDebInfo|x64
		{2D255B38-7ADF-3BC4-A018-88868D15E0C1}.Debug|x64.ActiveCfg = Debug|x64
		{2D255B38-7ADF-3BC4-A018-88868D15E0C1}.Debug|x64.Build.0 = Debug|x64
		{2D255B38-7ADF-3BC4-A018-88868D15E0C1}.Release|x64.ActiveCfg = Release|x64
		{2D255B38-7ADF-3BC4-A018-88868D15E0C1}.Release|x64.Build.0 = Release|x64
		{2D255B38-7ADF-3BC4-A018-88868D15E0C1}.MinSizeRel|x64.ActiveCfg = MinSizeRel|x64
		{2D255B38-7ADF-3BC4-A018-88868D15E0C1}.MinSizeRel|x64.Build.0 = MinSizeRel|x64
		{2D255B38-7ADF-3BC4-A018-88868D15E0C1}.RelWithDebInfo|x64.ActiveCfg = RelWithDebInfo|x64
		{2D255B38-7ADF-3BC4-A018-88868D15E0C1}.RelWithDebInfo|x64.Build.0 = RelWithDebInfo|x64
		{D1866A16-18A5-3D56-ADAF-DD103BF6A07A}.Debug|x64.ActiveCfg = Debug|x64
		{D1866A16-18A5-3D56-ADAF-DD103BF6A07A}.Debug|x64.Build.0 = Debug|x64
		{D1866A16-18A5-3D56-ADAF-DD103BF6A07A}.Release|x64.ActiveCfg = Release|x64
		{D1866A16-18A5-3D56-ADAF-DD103BF6A07A}.Release|x64.Build.0 = Release|x64
		{D1866A16-18A5-3D56-ADAF-DD103BF6A07A}.MinSizeRel|x64.ActiveCfg = MinSizeRel|x64
		{D1866A16-18A5-3D56-ADAF-DD103BF6A07A}.MinSizeRel|x64.Build.0 = MinSizeRel|x64
		{D1866A16-18A5-3D56-ADAF-DD103BF6A07A}.RelWithDebInfo|x64.ActiveCfg = RelWithDebInfo|x64
		{D1866A16-18A5-3D56-ADAF-DD103BF6A07A}.RelWithDebInfo|x64.Build.0 = RelWithDebInfo|x64
		{2408F94A-D7E6-398E-AB95-FB293C97002F}.Debug|x64.ActiveCfg = Debug|x64
		{2408F94A-D7E6-398E-AB95-FB293C97002F}.Release|x64.ActiveCfg = Release|x64
		{2408F94A-D7E6-398E-AB95-FB293C97002F}.MinSizeRel|x64.ActiveCfg = MinSizeRel|x64
		{2408F94A-D7E6-398E-AB95-FB293C97002F}.RelWithDebInfo|x64.ActiveCfg = RelWithDebInfo|x64
		{C32C4C64-17A4-3D31-982A-5AA99240E817}.Debug|x64.ActiveCfg = Debug|x64
		{C32C4C64-17A4-3D31-982A-5AA99240E817}.Debug|x64.Build.0 = Debug|x64
		{C32C4C64-17A4-3D31-982A-5AA99240E817}.Release|x64.ActiveCfg = Release|x64
		{C32C4C64-17A4-3D31-982A-5AA99240E817}.Release|x64.Build.0 = Release|x64
		{C32C4C64-17A4-3D31-982A-5AA99240E817}.MinSizeRel|x64.ActiveCfg = MinSizeRel|x64
		{C32C4C64-17A4-3D31-982A-5AA99240E817}.MinSizeRel|x64.Build.0 = MinSizeRel|x64
		{C32C4C64-17A4-3D31-982A-5AA99240E817}.RelWithDebInfo|x64.ActiveCfg = RelWithDebInfo|x64
		{C32C4C64-17A4-3D31-982A-5AA99240E817}.RelWithDebInfo|x64.Build.0 = RelWithDebInfo|x64
		{9D3FF64A-CCA9-33CE-A36A-353CFCF01F2F}.Debug|x64.ActiveCfg = Debug|x64
		{9D3FF64A-CCA9-33CE-A36A-353CFCF01F2F}.Debug|x64.Build.0 = Debug|x64
		{9D3FF64A-CCA9-33CE-A36A-353CFCF01F2F}.Release|x64.ActiveCfg = Release|x64
		{9D3FF64A-CCA9-33CE-A36A-353CFCF01F2F}.Release|x64.Build.0 = Release|x64
		{9D3FF64A-CCA9-33CE-A36A-353CFCF01F2F}.MinSizeRel|x64.ActiveCfg = MinSizeRel|x64
		{9D3FF64A-CCA9-33CE-A36A-353CFCF01F2F}.MinSizeRel|x64.Build.0 = MinSizeRel|x64
		{9D3FF64A-CCA9-33CE-A36A-353CFCF01F2F}.RelWithDebInfo|x64.ActiveCfg = RelWithDebInfo|x64
		{9D3FF64A-CCA9-33CE-A36A-353CFCF01F2F}.RelWithDebInfo|x64.Build.0 = RelWithDebInfo|x64
		{958E2615-FA59-3864-9609-6AD4B73014AB}.Debug|x64.ActiveCfg = Debug|x64
		{958E2615-FA59-3864-9609-6AD4B73014AB}.Release|x64.ActiveCfg = Release|x64
		{958E2615-FA59-3864-9609-6AD4B73014AB}.MinSizeRel|x64.ActiveCfg = MinSizeRel|x64
		{958E2615-FA59-3864-9609-6AD4B73014AB}.RelWithDebInfo|x64.ActiveCfg = RelWithDebInfo|x64
		{B604E190-6690-3CAF-A2AB-BA19A486108B}.Debug|x64.ActiveCfg = Debug|x64
		{B604E190-6690-3CAF-A2AB-BA19A486108B}.Debug|x64.Build.0 = Debug|x64
		{B604E190-6690-3CAF-A2AB-BA19A486108B}.Release|x64.ActiveCfg = Release|x64
		{B604E190-6690-3CAF-A2AB-BA19A486108B}.Release|x64.Build.0 = Release|x64
		{B604E190-6690-3CAF-A2AB-BA19A486108B}.MinSizeRel|x64.ActiveCfg = MinSizeRel|x64
		{B604E190-6690-3CAF-A2AB-BA19A486108B}.MinSizeRel|x64.Build.0 = MinSizeRel|x64
		{B604E190-6690-3CAF-A2AB-BA19A486108B}.RelWithDebInfo|x64.ActiveCfg = RelWithDebInfo|x64
		{B604E190-6690-3CAF-A2AB-BA19A486108B}.RelWithDebInfo|x64.Build.0 = RelWithDebInfo|x64
		{5B3C85BC-A3CD-3062-98B0-15CB3ADB1EED}.Debug|x64.ActiveCfg = Debug|x64
		{5B3C85BC-A3CD-3062-98B0-15CB3ADB1EED}.Debug|x64.Build.0 = Debug|x64
		{5B3C85BC-A3CD-3062-98B0-15CB3ADB1EED}.Release|x64.ActiveCfg = Release|x64
		{5B3C85BC-A3CD-3062-98B0-15CB3ADB1EED}.Release|x64.Build.0 = Release|x64
		{5B3C85BC-A3CD-3062-98B0-15CB3ADB1EED}.MinSizeRel|x64.ActiveCfg = MinSizeRel|x64
		{5B3C85BC-A3CD-3062-98B0-15CB3ADB1EED}.MinSizeRel|x64.Build.0 = MinSizeRel|x64
		{5B3C85BC-A3CD-3062-98B0-15CB3ADB1EED}.RelWithDebInfo|x64.ActiveCfg = RelWithDebInfo|x64
		{5B3C85BC-A3CD-3062-98B0-15CB3ADB1EED}.RelWithDebInfo|x64.Build.0 = RelWithDebInfo|x64
		{28129AA4-9083-34BA-8C0F-BE44DB0CFE43}.Debug|x64.ActiveCfg = Debug|x64
		{28129AA4-9083-34BA-8C0F-BE44DB0CFE43}.Debug|x64.Build.0 = Debug|x64
		{28129AA4-9083-34BA-8C0F-BE44DB0CFE43}.Release|x64.ActiveCfg = Release|x64
		{28129AA4-9083-34BA-8C0F-BE44DB0CFE43}.Release|x64.Build.0 = Release|x64
		{28129AA4-9083-34BA-8C0F-BE44DB0CFE43}.MinSizeRel|x64.ActiveCfg = MinSizeRel|x64
		{28129AA4-9083-34BA-8C0F-BE44DB0CFE43}.MinSizeRel|x64.Build.0 = MinSizeRel|x64
		{28129AA4-9083-34BA-8C0F-BE44DB0CFE43}.RelWithDebInfo|x64.ActiveCfg = RelWithDebInfo|x64
		{28129AA4-9083-34BA-8C0F-BE44DB0CFE43}.RelWithDebInfo|x64.Build.0 = RelWithDebInfo|x64
		{F05DE0BE-01A4-36B3-8DF7-FAE5A42BD8C4}.Debug|x64.ActiveCfg = Debug|x64
		{F05DE0BE-01A4-36B3-8DF7-FAE5A42BD8C4}.Debug|x64.Build.0 = Debug|x64
		{F05DE0BE-01A4-36B3-8DF7-FAE5A42BD8C4}.Release|x64.ActiveCfg = Release|x64
		{F05DE0BE-01A4-36B3-8DF7-FAE5A42BD8C4}.Release|x64.Build.0 = Release|x64
		{F05DE0BE-01A4-36B3-8DF7-FAE5A42BD8C4}.MinSizeRel|x64.ActiveCfg = MinSizeRel|x64
		{F05DE0BE-01A4-36B3-8DF7-FAE5A42BD8C4}.MinSizeRel|x64.Build.0 = MinSizeRel|x64
		{F05DE0BE-01A4-36B3-8DF7-FAE5A42BD8C4}.RelWithDebInfo|x64.ActiveCfg = RelWithDebInfo|x64
		{F05DE0BE-01A4-36B3-8DF7-FAE5A42BD8C4}.RelWithDebInfo|x64.Build.0 = RelWithDebInfo|x64
		{9C5A0276-7ACD-3FF0-9261-C44AB78A0149}.Debug|x64.ActiveCfg = Debug|x64
		{9C5A0276-7ACD-3FF0-9261-C44AB78A0149}.Debug|x64.Build.0 = Debug|x64
		{9C5A0276-7ACD-3FF0-9261-C44AB78A0149}.Release|x64.ActiveCfg = Release|x64
		{9C5A0276-7ACD-3FF0-9261-C44AB78A0149}.Release|x64.Build.0 = Release|x64
		{9C5A0276-7ACD-3FF0-9261-C44AB78A0149}.MinSizeRel|x64.ActiveCfg = MinSizeRel|x64
		{9C5A0276-7ACD-3FF0-9261-C44AB78A0149}.MinSizeRel|x64.Build.0 = MinSizeRel|x64
		{9C5A0276-7ACD-3FF0-9261-C44AB78A0149}.RelWithDebInfo|x64.ActiveCfg = RelWithDebInfo|x64
		{9C5A0276-7ACD-3FF0-9261-C44AB78A0149}.RelWithDebInfo|x64.Build.0 = RelWithDebInfo|x64
		{9A823DB3-3418-3C29-9429-69026ECD0676}.Debug|x64.ActiveCfg = Debug|x64
		{9A823DB3-3418-3C29-9429-69026ECD0676}.Debug|x64.Build.0 = Debug|x64
		{9A823DB3-3418-3C29-9429-69026ECD0676}.Release|x64.ActiveCfg = Release|x64
		{9A823DB3-3418-3C29-9429-69026ECD0676}.Release|x64.Build.0 = Release|x64
		{9A823DB3-3418-3C29-9429-69026ECD0676}.MinSizeRel|x64.ActiveCfg = MinSizeRel|x64
		{9A823DB3-3418-3C29-9429-69026ECD0676}.MinSizeRel|x64.Build.0 = MinSizeRel|x64
		{9A823DB3-3418-3C29-9429-69026ECD0676}.RelWithDebInfo|x64.ActiveCfg = RelWithDebInfo|x64
		{9A823DB3-3418-3C29-9429-69026ECD0676}.RelWithDebInfo|x64.Build.0 = RelWithDebInfo|x64
		{BC84C4D6-4146-30EF-AAF8-1EA175FF4196}.Debug|x64.ActiveCfg = Debug|x64
		{BC84C4D6-4146-30EF-AAF8-1EA175FF4196}.Debug|x64.Build.0 = Debug|x64
		{BC84C4D6-4146-30EF-AAF8-1EA175FF4196}.Release|x64.ActiveCfg = Release|x64
		{BC84C4D6-4146-30EF-AAF8-1EA175FF4196}.Release|x64.Build.0 = Release|x64
		{BC84C4D6-4146-30EF-AAF8-1EA175FF4196}.MinSizeRel|x64.ActiveCfg = MinSizeRel|x64
		{BC84C4D6-4146-30EF-AAF8-1EA175FF4196}.MinSizeRel|x64.Build.0 = MinSizeRel|x64
		{BC84C4D6-4146-30EF-AAF8-1EA175FF4196}.RelWithDebInfo|x64.ActiveCfg = RelWithDebInfo|x64
		{BC84C4D6-4146-30EF-AAF8-1EA175FF4196}.RelWithDebInfo|x64.Build.0 = RelWithDebInfo|x64
		{FD5F10C0-5B62-32CD-992B-3C8A72ADAA1C}.Debug|x64.ActiveCfg = Debug|x64
		{FD5F10C0-5B62-32CD-992B-3C8A72ADAA1C}.Debug|x64.Build.0 = Debug|x64
		{FD5F10C0-5B62-32CD-992B-3C8A72ADAA1C}.Release|x64.ActiveCfg = Release|x64
		{FD5F10C0-5B62-32CD-992B-3C8A72ADAA1C}.Release|x64.Build.0 = Release|x64
		{FD5F10C0-5B62-32CD-992B-3C8A72ADAA1C}.MinSizeRel|x64.ActiveCfg = MinSizeRel|x64
		{FD5F10C0-5B62-32CD-992B-3C8A72ADAA1C}.MinSizeRel|x64.Build.0 = MinSizeRel|x64
		{FD5F10C0-5B62-32CD-992B-3C8A72ADAA1C}.RelWithDebInfo|x64.ActiveCfg = RelWithDebInfo|x64
		{FD5F10C0-5B62-32CD-992B-3C8A72ADAA1C}.RelWithDebInfo|x64.Build.0 = RelWithDebInfo|x64
		{0BD70A79-DB5E-3A56-8AB8-74D48EDE6C11}.Debug|x64.ActiveCfg = Debug|x64
		{0BD70A79-DB5E-3A56-8AB8-74D48EDE6C11}.Debug|x64.Build.0 = Debug|x64
		{0BD70A79-DB5E-3A56-8AB8-74D48EDE6C11}.Release|x64.ActiveCfg = Release|x64
		{0BD70A79-DB5E-3A56-8AB8-74D48EDE6C11}.Release|x64.Build.0 = Release|x64
		{0BD70A79-DB5E-3A56-8AB8-74D48EDE6C11}.MinSizeRel|x64.ActiveCfg = MinSizeRel|x64
		{0BD70A79-DB5E-3A56-8AB8-74D48EDE6C11}.MinSizeRel|x64.Build.0 = MinSizeRel|x64
		{0BD70A79-DB5E-3A56-8AB8-74D48EDE6C11}.RelWithDebInfo|x64.ActiveCfg = RelWithDebInfo|x64
		{0BD70A79-DB5E-3A56-8AB8-74D48EDE6C11}.RelWithDebInfo|x64.Build.0 = RelWithDebInfo|x64
	EndGlobalSection
	GlobalSection(ExtensibilityGlobals) = postSolution
	EndGlobalSection
	GlobalSection(ExtensibilityAddIns) = postSolution
	EndGlobalSection
EndGlobal
