<?xml version="1.0" encoding="UTF-8"?>
<Project ToolsVersion="14.0" xmlns="http://schemas.microsoft.com/developer/msbuild/2003">
  <ItemGroup>
    <ClCompile Include="C:\Users\xchuki00\Documents\Bakalarska_prace\3rd_parties\libs\bullet3-2.85.1\examples\ThirdPartyLibs\BussIK\Jacobian.cpp">
      <Filter>Source Files</Filter>
    </ClCompile>
    <ClCompile Include="C:\Users\xchuki00\Documents\Bakalarska_prace\3rd_parties\libs\bullet3-2.85.1\examples\ThirdPartyLibs\BussIK\LinearR2.cpp">
      <Filter>Source Files</Filter>
    </ClCompile>
    <ClCompile Include="C:\Users\xchuki00\Documents\Bakalarska_prace\3rd_parties\libs\bullet3-2.85.1\examples\ThirdPartyLibs\BussIK\LinearR3.cpp">
      <Filter>Source Files</Filter>
    </ClCompile>
    <ClCompile Include="C:\Users\xchuki00\Documents\Bakalarska_prace\3rd_parties\libs\bullet3-2.85.1\examples\ThirdPartyLibs\BussIK\LinearR4.cpp">
      <Filter>Source Files</Filter>
    </ClCompile>
    <ClCompile Include="C:\Users\xchuki00\Documents\Bakalarska_prace\3rd_parties\libs\bullet3-2.85.1\examples\ThirdPartyLibs\BussIK\MatrixRmn.cpp">
      <Filter>Source Files</Filter>
    </ClCompile>
    <ClCompile Include="C:\Users\xchuki00\Documents\Bakalarska_prace\3rd_parties\libs\bullet3-2.85.1\examples\ThirdPartyLibs\BussIK\Misc.cpp">
      <Filter>Source Files</Filter>
    </ClCompile>
    <ClCompile Include="C:\Users\xchuki00\Documents\Bakalarska_prace\3rd_parties\libs\bullet3-2.85.1\examples\ThirdPartyLibs\BussIK\Node.cpp">
      <Filter>Source Files</Filter>
    </ClCompile>
    <ClCompile Include="C:\Users\xchuki00\Documents\Bakalarska_prace\3rd_parties\libs\bullet3-2.85.1\examples\ThirdPartyLibs\BussIK\Tree.cpp">
      <Filter>Source Files</Filter>
    </ClCompile>
    <ClCompile Include="C:\Users\xchuki00\Documents\Bakalarska_prace\3rd_parties\libs\bullet3-2.85.1\examples\ThirdPartyLibs\BussIK\VectorRn.cpp">
      <Filter>Source Files</Filter>
    </ClCompile>
  </ItemGroup>
  <ItemGroup>
    <ClInclude Include="C:\Users\xchuki00\Documents\Bakalarska_prace\3rd_parties\libs\bullet3-2.85.1\examples\ThirdPartyLibs\BussIK\Jacobian.h">
      <Filter>Header Files</Filter>
    </ClInclude>
    <ClInclude Include="C:\Users\xchuki00\Documents\Bakalarska_prace\3rd_parties\libs\bullet3-2.85.1\examples\ThirdPartyLibs\BussIK\LinearR2.h">
      <Filter>Header Files</Filter>
    </ClInclude>
    <ClInclude Include="C:\Users\xchuki00\Documents\Bakalarska_prace\3rd_parties\libs\bullet3-2.85.1\examples\ThirdPartyLibs\BussIK\LinearR3.h">
      <Filter>Header Files</Filter>
    </ClInclude>
    <ClInclude Include="C:\Users\xchuki00\Documents\Bakalarska_prace\3rd_parties\libs\bullet3-2.85.1\examples\ThirdPartyLibs\BussIK\LinearR4.h">
      <Filter>Header Files</Filter>
    </ClInclude>
    <ClInclude Include="C:\Users\xchuki00\Documents\Bakalarska_prace\3rd_parties\libs\bullet3-2.85.1\examples\ThirdPartyLibs\BussIK\MathMisc.h">
      <Filter>Header Files</Filter>
    </ClInclude>
    <ClInclude Include="C:\Users\xchuki00\Documents\Bakalarska_prace\3rd_parties\libs\bullet3-2.85.1\examples\ThirdPartyLibs\BussIK\MatrixRmn.h">
      <Filter>Header Files</Filter>
    </ClInclude>
    <ClInclude Include="C:\Users\xchuki00\Documents\Bakalarska_prace\3rd_parties\libs\bullet3-2.85.1\examples\ThirdPartyLibs\BussIK\Node.h">
      <Filter>Header Files</Filter>
    </ClInclude>
    <ClInclude Include="C:\Users\xchuki00\Documents\Bakalarska_prace\3rd_parties\libs\bullet3-2.85.1\examples\ThirdPartyLibs\BussIK\Spherical.h">
      <Filter>Header Files</Filter>
    </ClInclude>
    <ClInclude Include="C:\Users\xchuki00\Documents\Bakalarska_prace\3rd_parties\libs\bullet3-2.85.1\examples\ThirdPartyLibs\BussIK\Tree.h">
      <Filter>Header Files</Filter>
    </ClInclude>
    <ClInclude Include="C:\Users\xchuki00\Documents\Bakalarska_prace\3rd_parties\libs\bullet3-2.85.1\examples\ThirdPartyLibs\BussIK\VectorRn.h">
      <Filter>Header Files</Filter>
    </ClInclude>
  </ItemGroup>
  <ItemGroup>
    <CustomBuild Include="C:\Users\xchuki00\Documents\Bakalarska_prace\3rd_parties\libs\bullet3-2.85.1\examples\ThirdPartyLibs\BussIK\CMakeLists.txt" />
  </ItemGroup>
  <ItemGroup>
    <Filter Include="Source Files">
      <UniqueIdentifier>{FAE9CD8C-79F0-30F7-BD15-7D9EDBC0581A}</UniqueIdentifier>
    </Filter>
    <Filter Include="Header Files">
      <UniqueIdentifier>{30A74F9F-9CC6-33AA-9DC6-8C62E4169E39}</UniqueIdentifier>
    </Filter>
  </ItemGroup>
</Project>
